
Microsoft Visual Studio Solution File, Format Version 12.00
# Visual Studio 15
VisualStudioVersion = 15.0.27703.2018
MinimumVisualStudioVersion = 10.0.40219.1
Project("{9A19103F-16F7-4668-BE54-9A1E7A4F7556}") = "StarWarsGraphQLNetCore.API", "StarWarsGraphQLNetCore.API\StarWarsGraphQLNetCore.API.csproj", "{98D10F55-1B65-4B4C-A118-20AE9201C7C6}"
EndProject
Project("{9A19103F-16F7-4668-BE54-9A1E7A4F7556}") = "StarWarsGraphQLNetCore.Core", "StarWarsGraphQLNetCore.Core\StarWarsGraphQLNetCore.Core.csproj", "{9558215E-1ABF-46E7-A8EF-68C325A2175A}"
EndProject
Project("{9A19103F-16F7-4668-BE54-9A1E7A4F7556}") = "StarWarsGraphQLNetCore.Data", "StarWarsGraphQLNetCore.Data\StarWarsGraphQLNetCore.Data.csproj", "{ED6261A5-8324-416B-A531-C1ABB73D6D99}"
EndProject
Project("{9A19103F-16F7-4668-BE54-9A1E7A4F7556}") = "StarWarsGraphQLNetCore.Tests.Unit", "StarWarsGraphQLNetCore.Tests.Unit\StarWarsGraphQLNetCore.Tests.Unit.csproj", "{FC56A325-9F84-4247-AD3C-ED122CC9FCA9}"
EndProject
Project("{2150E333-8FDC-42A3-9474-1A3956D46DE8}") = "Tests", "Tests", "{98680857-F29A-43E0-8341-CF928CE5947E}"
EndProject
Project("{FAE04EC0-301F-11D3-BF4B-00C04F79EFBC}") = "StarWarsGraphQLNetCore.Tests.Integration", "StarWarsGraphQLNetCore.Tests.Integration\StarWarsGraphQLNetCore.Tests.Integration.csproj", "{F9C277C5-FCC9-49B6-90F2-3112E454D09E}"
EndProject
Global
	GlobalSection(SolutionConfigurationPlatforms) = preSolution
		Debug|Any CPU = Debug|Any CPU
		Release|Any CPU = Release|Any CPU
	EndGlobalSection
	GlobalSection(ProjectConfigurationPlatforms) = postSolution
		{98D10F55-1B65-4B4C-A118-20AE9201C7C6}.Debug|Any CPU.ActiveCfg = Debug|Any CPU
		{98D10F55-1B65-4B4C-A118-20AE9201C7C6}.Debug|Any CPU.Build.0 = Debug|Any CPU
		{98D10F55-1B65-4B4C-A118-20AE9201C7C6}.Release|Any CPU.ActiveCfg = Release|Any CPU
		{98D10F55-1B65-4B4C-A118-20AE9201C7C6}.Release|Any CPU.Build.0 = Release|Any CPU
		{9558215E-1ABF-46E7-A8EF-68C325A2175A}.Debug|Any CPU.ActiveCfg = Debug|Any CPU
		{9558215E-1ABF-46E7-A8EF-68C325A2175A}.Debug|Any CPU.Build.0 = Debug|Any CPU
		{9558215E-1ABF-46E7-A8EF-68C325A2175A}.Release|Any CPU.ActiveCfg = Release|Any CPU
		{9558215E-1ABF-46E7-A8EF-68C325A2175A}.Release|Any CPU.Build.0 = Release|Any CPU
		{ED6261A5-8324-416B-A531-C1ABB73D6D99}.Debug|Any CPU.ActiveCfg = Debug|Any CPU
		{ED6261A5-8324-416B-A531-C1ABB73D6D99}.Debug|Any CPU.Build.0 = Debug|Any CPU
		{ED6261A5-8324-416B-A531-C1ABB73D6D99}.Release|Any CPU.ActiveCfg = Release|Any CPU
		{ED6261A5-8324-416B-A531-C1ABB73D6D99}.Release|Any CPU.Build.0 = Release|Any CPU
		{FC56A325-9F84-4247-AD3C-ED122CC9FCA9}.Debug|Any CPU.ActiveCfg = Debug|Any CPU
		{FC56A325-9F84-4247-AD3C-ED122CC9FCA9}.Debug|Any CPU.Build.0 = Debug|Any CPU
		{FC56A325-9F84-4247-AD3C-ED122CC9FCA9}.Release|Any CPU.ActiveCfg = Release|Any CPU
		{FC56A325-9F84-4247-AD3C-ED122CC9FCA9}.Release|Any CPU.Build.0 = Release|Any CPU
		{F9C277C5-FCC9-49B6-90F2-3112E454D09E}.Debug|Any CPU.ActiveCfg = Debug|Any CPU
		{F9C277C5-FCC9-49B6-90F2-3112E454D09E}.Debug|Any CPU.Build.0 = Debug|Any CPU
		{F9C277C5-FCC9-49B6-90F2-3112E454D09E}.Release|Any CPU.ActiveCfg = Release|Any CPU
		{F9C277C5-FCC9-49B6-90F2-3112E454D09E}.Release|Any CPU.Build.0 = Release|Any CPU
	EndGlobalSection
	GlobalSection(SolutionProperties) = preSolution
		HideSolutionNode = FALSE
	EndGlobalSection
	GlobalSection(NestedProjects) = preSolution
		{FC56A325-9F84-4247-AD3C-ED122CC9FCA9} = {98680857-F29A-43E0-8341-CF928CE5947E}
		{F9C277C5-FCC9-49B6-90F2-3112E454D09E} = {98680857-F29A-43E0-8341-CF928CE5947E}
	EndGlobalSection
	GlobalSection(ExtensibilityGlobals) = postSolution
		SolutionGuid = {3FB41CC7-0FA3-44DB-A491-29E38DD9596F}
	EndGlobalSection
EndGlobal
